
Microsoft Visual Studio Solution File, Format Version 12.00
# Visual Studio Version 16
VisualStudioVersion = 16.0.30717.126
MinimumVisualStudioVersion = 10.0.40219.1
Project("{FAE04EC0-301F-11D3-BF4B-00C04F79EFBC}") = "IncomePlanner", "IncomePlanner.csproj", "{9B053C2C-B8ED-4DB2-A48F-2A55DC6A265B}"
EndProject
Global
	GlobalSection(SolutionConfigurationPlatforms) = preSolution
		Debug|Any CPU = Debug|Any CPU
		Release|Any CPU = Release|Any CPU
	EndGlobalSection
	GlobalSection(ProjectConfigurationPlatforms) = postSolution
		{9B053C2C-B8ED-4DB2-A48F-2A55DC6A265B}.Debug|Any CPU.ActiveCfg = Debug|Any CPU
		{9B053C2C-B8ED-4DB2-A48F-2A55DC6A265B}.Debug|Any CPU.Build.0 = Debug|Any CPU
		{9B053C2C-B8ED-4DB2-A48F-2A55DC6A265B}.Debug|Any CPU.Deploy.0 = Debug|Any CPU
		{9B053C2C-B8ED-4DB2-A48F-2A55DC6A265B}.Release|Any CPU.ActiveCfg = Release|Any CPU
		{9B053C2C-B8ED-4DB2-A48F-2A55DC6A265B}.Release|Any CPU.Build.0 = Release|Any CPU
		{9B053C2C-B8ED-4DB2-A48F-2A55DC6A265B}.Release|Any CPU.Deploy.0 = Release|Any CPU
	EndGlobalSection
	GlobalSection(SolutionProperties) = preSolution
		HideSolutionNode = FALSE
	EndGlobalSection
	GlobalSection(ExtensibilityGlobals) = postSolution
		SolutionGuid = {AC1ADCDB-2976-449E-8BA9-6DEF671616E6}
	EndGlobalSection
EndGlobal
